
Microsoft Visual Studio Solution File, Format Version 12.00
# Visual Studio Version 16
VisualStudioVersion = 16.0.31515.178
MinimumVisualStudioVersion = 10.0.40219.1
Project("{9A19103F-16F7-4668-BE54-9A1E7A4F7556}") = "CardManager", "CardManager.csproj", "{840DF4E2-2389-42EF-B5B8-F71237D9F05B}"
EndProject
Global
	GlobalSection(SolutionConfigurationPlatforms) = preSolution
		Debug|Any CPU = Debug|Any CPU
		Release|Any CPU = Release|Any CPU
	EndGlobalSection
	GlobalSection(ProjectConfigurationPlatforms) = postSolution
		{840DF4E2-2389-42EF-B5B8-F71237D9F05B}.Debug|Any CPU.ActiveCfg = Debug|Any CPU
		{840DF4E2-2389-42EF-B5B8-F71237D9F05B}.Debug|Any CPU.Build.0 = Debug|Any CPU
		{840DF4E2-2389-42EF-B5B8-F71237D9F05B}.Release|Any CPU.ActiveCfg = Release|Any CPU
		{840DF4E2-2389-42EF-B5B8-F71237D9F05B}.Release|Any CPU.Build.0 = Release|Any CPU
	EndGlobalSection
	GlobalSection(SolutionProperties) = preSolution
		HideSolutionNode = FALSE
	EndGlobalSection
	GlobalSection(ExtensibilityGlobals) = postSolution
		SolutionGuid = {98B6327E-B33F-4928-8677-0828F25FB633}
	EndGlobalSection
EndGlobal
